# THIS IS AN AUTOGENERATED FILE. DO NOT EDIT THIS FILE DIRECTLY.
# yarn lockfile v1


"@sp2/format@^1.5.1":
  version "1.5.1"
  resolved "https://registry.yarnpkg.com/@sp2/format/-/format-1.5.1.tgz#939784731f5463b4cdb7f09265472f033d3b0ef7"
  integrity sha512-fNmTyx2o2TO24KKTWBDoHOlZeTvAkNopXiqqRJBbr6Bz47of80SLMjh+Yqd1xF8UppHhPKW1WgvnUdtW3fr4DQ==

"@sp2/retriever@^1.5.1":
  version "1.5.1"
  resolved "https://registry.yarnpkg.com/@sp2/retriever/-/retriever-1.5.1.tgz#4f3619a3dca5ce23b193ebe55ec2fd012cc1cf6f"
  integrity sha512-TDt3mDKYDbcIm8pug0MIacq+VywLsxGqVAEP5xKeB6BTnql4dcXkMMs1V9znzVEN0joXtM/7+7TLeWW2Yv+Qlg==
  dependencies:
    "@sp2/format" "^1.5.1"
    fast-deep-equal "^2.0.1"

"@sp2/updater@^1.5.1":
  version "1.5.1"
  resolved "https://registry.yarnpkg.com/@sp2/updater/-/updater-1.5.1.tgz#dfc99e01967806e43079bf823b9439638631b24b"
  integrity sha512-7xDH55p0e9gX5YxKHjMchkKZFPbEyzbp1aRvhdPu/wcTIO6cH924FqcQ6h1ehHq4lnxrPti/HHxNvTvp5RTHTg==
  dependencies:
    "@sp2/format" "^1.5.1"
    "@sp2/retriever" "^1.5.1"
    fast-deep-equal "^2.0.1"

"@types/bson@*":
  version "4.0.1"
  resolved "https://registry.yarnpkg.com/@types/bson/-/bson-4.0.1.tgz#2bfc80819e7055b76d5496d5344ed23e5d12bbb2"
  integrity sha512-K6VAEdLVJFBxKp8m5cRTbUfeZpuSvOuLKJLrgw9ANIXo00RiyGzgH4BKWWR4F520gV4tWmxG7q9sKQRVDuzrBw==
  dependencies:
    "@types/node" "*"

"@types/mongodb@^3.3.12":
  version "3.3.12"
  resolved "https://registry.yarnpkg.com/@types/mongodb/-/mongodb-3.3.12.tgz#c5afa2de5ee5558603ecee8c9366e86e24576703"
  integrity sha512-gWIdrA8YKC4OetBk4eT5Zsp4p3oy/BJQKt80tXfgPnfBuLigumcmwNZseVSkLQJ3XkN/1OR0/kIunGWlew3rmQ==
  dependencies:
    "@types/bson" "*"
    "@types/node" "*"

"@types/node@*":
  version "12.12.17"
  resolved "https://registry.yarnpkg.com/@types/node/-/node-12.12.17.tgz#191b71e7f4c325ee0fb23bc4a996477d92b8c39b"
  integrity sha512-Is+l3mcHvs47sKy+afn2O1rV4ldZFU7W8101cNlOd+MRbjM4Onida8jSZnJdTe/0Pcf25g9BNIUsuugmE6puHA==

base64-js@^1.0.2:
  version "1.3.1"
  resolved "https://registry.yarnpkg.com/base64-js/-/base64-js-1.3.1.tgz#58ece8cb75dd07e71ed08c736abc5fac4dbf8df1"
  integrity sha512-mLQ4i2QO1ytvGWFWmcngKO//JXAQueZvwEKtjgQFM4jIK0kU+ytMfplL8j+n5mspOfjHwoAg+9yhb7BwAHm36g==

bson@^1.1.1:
  version "1.1.3"
  resolved "https://registry.yarnpkg.com/bson/-/bson-1.1.3.tgz#aa82cb91f9a453aaa060d6209d0675114a8154d3"
  integrity sha512-TdiJxMVnodVS7r0BdL42y/pqC9cL2iKynVwA0Ho3qbsQYr428veL3l7BQyuqiw+Q5SqqoT0m4srSY/BlZ9AxXg==

bson@^4.0.2:
  version "4.0.2"
  resolved "https://registry.yarnpkg.com/bson/-/bson-4.0.2.tgz#2929fdfed1a145b1c361908a2b950a6cf4bed2c2"
  integrity sha512-rBdCxMBCg2aR420e1oKUejjcuPZLTibA7zEhWAlliFWEwzuBCC9Dkp5r7VFFIQB2t1WVsvTbohry575mc7Xw5A==
  dependencies:
    buffer "^5.1.0"
    long "^4.0.0"

buffer@^5.1.0:
  version "5.4.3"
  resolved "https://registry.yarnpkg.com/buffer/-/buffer-5.4.3.tgz#3fbc9c69eb713d323e3fc1a895eee0710c072115"
  integrity sha512-zvj65TkFeIt3i6aj5bIvJDzjjQQGs4o/sNoezg1F1kYap9Nu2jcUdpwzRSJTHMMzG0H7bZkn4rNQpImhuxWX2A==
  dependencies:
    base64-js "^1.0.2"
    ieee754 "^1.1.4"

es6-promise@^4.0.3:
  version "4.2.8"
  resolved "https://registry.yarnpkg.com/es6-promise/-/es6-promise-4.2.8.tgz#4eb21594c972bc40553d276e510539143db53e0a"
  integrity sha512-HJDGx5daxeIvxdBxvG2cb9g4tEvwIk3i8+nhX0yGrYmZUzbkdg8QbDevheDB8gd0//uPj4c1EQua8Q+MViT0/w==

es6-promisify@^5.0.0:
  version "5.0.0"
  resolved "https://registry.yarnpkg.com/es6-promisify/-/es6-promisify-5.0.0.tgz#5109d62f3e56ea967c4b63505aef08291c8a5203"
  integrity sha1-UQnWLz5W6pZ8S2NQWu8IKRyKUgM=
  dependencies:
    es6-promise "^4.0.3"

fast-deep-equal@^2.0.1:
  version "2.0.1"
  resolved "https://registry.yarnpkg.com/fast-deep-equal/-/fast-deep-equal-2.0.1.tgz#7b05218ddf9667bf7f370bf7fdb2cb15fdd0aa49"
  integrity sha1-ewUhjd+WZ79/Nwv3/bLLFf3Qqkk=

find-up@^4.0.0:
  version "4.1.0"
  resolved "https://registry.yarnpkg.com/find-up/-/find-up-4.1.0.tgz#97afe7d6cdc0bc5928584b7c8d7b16e8a9aa5d19"
  integrity sha512-PpOwAdQ/YlXQ2vj8a3h8IipDuYRi3wceVQQGYWxNINccq40Anw7BlsEXCMbt1Zt+OLA6Fq9suIpIWD0OsnISlw==
  dependencies:
    locate-path "^5.0.0"
    path-exists "^4.0.0"

ieee754@^1.1.4:
  version "1.1.13"
  resolved "https://registry.yarnpkg.com/ieee754/-/ieee754-1.1.13.tgz#ec168558e95aa181fd87d37f55c32bbcb6708b84"
  integrity sha512-4vf7I2LYV/HaWerSo3XmlMkp5eZ83i+/CDluXi/IGTs/O1sejBNhTtnxzmRZfvOUqj7lZjqHkeTvpgSFDlWZTg==

locate-path@^5.0.0:
  version "5.0.0"
  resolved "https://registry.yarnpkg.com/locate-path/-/locate-path-5.0.0.tgz#1afba396afd676a6d42504d0a67a3a7eb9f62aa0"
  integrity sha512-t7hw9pI+WvuwNJXwk5zVHpyhIqzg2qTlklJOf0mVxGSbe3Fp2VieZcduNYjaLDoy6p9uGpQEGWG87WpMKlNq8g==
  dependencies:
    p-locate "^4.1.0"

long@^4.0.0:
  version "4.0.0"
  resolved "https://registry.yarnpkg.com/long/-/long-4.0.0.tgz#9a7b71cfb7d361a194ea555241c92f7468d5bf28"
  integrity sha512-XsP+KhQif4bjX1kbuSiySJFNAehNxgLb6hPRGJ9QsUr8ajHkuXGdrHmFUTUUXhDwVX2R5bY4JNZEwbUiMhV+MA==

memory-pager@^1.0.2:
  version "1.5.0"
  resolved "https://registry.yarnpkg.com/memory-pager/-/memory-pager-1.5.0.tgz#d8751655d22d384682741c972f2c3d6dfa3e66b5"
  integrity sha512-ZS4Bp4r/Zoeq6+NLJpP+0Zzm0pR8whtGPf1XExKLJBAczGMnSi3It14OiNCStjQjM6NU1okjQGSxgEZN8eBYKg==

mongodb@^3.4.0:
  version "3.4.0"
  resolved "https://registry.yarnpkg.com/mongodb/-/mongodb-3.4.0.tgz#3490bcdcadb9acfbf77e5ce14548bd59ba33a5f6"
  integrity sha512-W90jm/n8F0Edm47ljkVRK9l8qGW9g8T9ZSiZWRiUP58wLhsCJCeN/JxdpVnH0CUwwAw2hITUcCo9x58udpX2Uw==
  dependencies:
    bson "^1.1.1"
    require_optional "^1.0.1"
    safe-buffer "^5.1.2"
  optionalDependencies:
    saslprep "^1.0.0"

p-limit@^2.2.0:
  version "2.2.1"
  resolved "https://registry.yarnpkg.com/p-limit/-/p-limit-2.2.1.tgz#aa07a788cc3151c939b5131f63570f0dd2009537"
  integrity sha512-85Tk+90UCVWvbDavCLKPOLC9vvY8OwEX/RtKF+/1OADJMVlFfEHOiMTPVyxg7mk/dKa+ipdHm0OUkTvCpMTuwg==
  dependencies:
    p-try "^2.0.0"

p-locate@^4.1.0:
  version "4.1.0"
  resolved "https://registry.yarnpkg.com/p-locate/-/p-locate-4.1.0.tgz#a3428bb7088b3a60292f66919278b7c297ad4f07"
  integrity sha512-R79ZZ/0wAxKGu3oYMlz8jy/kbhsNrS7SKZ7PxEHBgJ5+F2mtFW2fK2cOtBh1cHYkQsbzFV7I+EoRKe6Yt0oK7A==
  dependencies:
    p-limit "^2.2.0"

p-try@^2.0.0:
  version "2.2.0"
  resolved "https://registry.yarnpkg.com/p-try/-/p-try-2.2.0.tgz#cb2868540e313d61de58fafbe35ce9004d5540e6"
  integrity sha512-R4nPAVTAU0B9D35/Gk3uJf/7XYbQcyohSKdvAxIRSNghFl4e71hVoGnBNQz9cWaXxO2I10KTC+3jMdvvoKw6dQ==

path-exists@^4.0.0:
  version "4.0.0"
  resolved "https://registry.yarnpkg.com/path-exists/-/path-exists-4.0.0.tgz#513bdbe2d3b95d7762e8c1137efa195c6c61b5b3"
  integrity sha512-ak9Qy5Q7jYb2Wwcey5Fpvg2KoAc/ZIhLSLOSBmRmygPsGwkVVt0fZa0qrtMz+m6tJTAHfZQ8FnmB4MG4LWy7/w==

require_optional@^1.0.1:
  version "1.0.1"
  resolved "https://registry.yarnpkg.com/require_optional/-/require_optional-1.0.1.tgz#4cf35a4247f64ca3df8c2ef208cc494b1ca8fc2e"
  integrity sha512-qhM/y57enGWHAe3v/NcwML6a3/vfESLe/sGM2dII+gEO0BpKRUkWZow/tyloNqJyN6kXSl3RyyM8Ll5D/sJP8g==
  dependencies:
    resolve-from "^2.0.0"
    semver "^5.1.0"

resolve-from@^2.0.0:
  version "2.0.0"
  resolved "https://registry.yarnpkg.com/resolve-from/-/resolve-from-2.0.0.tgz#9480ab20e94ffa1d9e80a804c7ea147611966b57"
  integrity sha1-lICrIOlP+h2egKgEx+oUdhGWa1c=

safe-buffer@^5.1.2:
  version "5.2.0"
  resolved "https://registry.yarnpkg.com/safe-buffer/-/safe-buffer-5.2.0.tgz#b74daec49b1148f88c64b68d49b1e815c1f2f519"
  integrity sha512-fZEwUGbVl7kouZs1jCdMLdt95hdIv0ZeHg6L7qPeciMZhZ+/gdesW4wgTARkrFWEpspjEATAzUGPG8N2jJiwbg==

saslprep@^1.0.0:
  version "1.0.3"
  resolved "https://registry.yarnpkg.com/saslprep/-/saslprep-1.0.3.tgz#4c02f946b56cf54297e347ba1093e7acac4cf226"
  integrity sha512-/MY/PEMbk2SuY5sScONwhUDsV2p77Znkb/q3nSVstq/yQzYJOH/Azh29p9oJLsl3LnQwSvZDKagDGBsBwSooag==
  dependencies:
    sparse-bitfield "^3.0.3"

semver@^5.1.0:
  version "5.7.1"
  resolved "https://registry.yarnpkg.com/semver/-/semver-5.7.1.tgz#a954f931aeba508d307bbf069eff0c01c96116f7"
  integrity sha512-sauaDf/PZdVgrLTNYHRtpXa1iRiKcaebiKQ1BJdpQlWH2lCvexQdX55snPFyK7QzpudqbCI0qXFfOasHdyNDGQ==

sp2@^1.5.1:
  version "1.5.1"
  resolved "https://registry.yarnpkg.com/sp2/-/sp2-1.5.1.tgz#f0bb59fc7dbca10861bf106d3b4f546688cf833e"
  integrity sha512-KPXssC2pdmRXOw89hfdlgVwcO3E8a9trCG5Z4JyEUitsqMYG+p49JRwIkajc+BuvN1faUaz8uGNcajjojn84FA==
  dependencies:
    "@sp2/format" "^1.5.1"
    "@sp2/retriever" "^1.5.1"
    "@sp2/updater" "^1.5.1"

sparse-bitfield@^3.0.3:
  version "3.0.3"
  resolved "https://registry.yarnpkg.com/sparse-bitfield/-/sparse-bitfield-3.0.3.tgz#ff4ae6e68656056ba4b3e792ab3334d38273ca11"
  integrity sha1-/0rm5oZWBWuks+eSqzM004JzyhE=
  dependencies:
    memory-pager "^1.0.2"

upbin@0.9.2:
  version "0.9.2"
  resolved "https://registry.yarnpkg.com/upbin/-/upbin-0.9.2.tgz#d7e548c23b599079cf4f334754e6f9b6b5490774"
  integrity sha512-s7b/IMho/tn2IqeY1D6izU2L5f1W16KzQj3Ri5/9D/4jc48Mkot7KVvBFXpvm6Q5rL5tyEb6iylGU+fyMLwX6g==
  dependencies:
    find-up "^4.0.0"
