# THIS IS AN AUTOGENERATED FILE. DO NOT EDIT THIS FILE DIRECTLY.
# yarn lockfile v1


"@sp2/format@^1.5.1":
  version "1.5.1"
  resolved "https://registry.yarnpkg.com/@sp2/format/-/format-1.5.1.tgz#939784731f5463b4cdb7f09265472f033d3b0ef7"
  integrity sha512-fNmTyx2o2TO24KKTWBDoHOlZeTvAkNopXiqqRJBbr6Bz47of80SLMjh+Yqd1xF8UppHhPKW1WgvnUdtW3fr4DQ==

"@sp2/retriever@^1.5.1":
  version "1.5.1"
  resolved "https://registry.yarnpkg.com/@sp2/retriever/-/retriever-1.5.1.tgz#4f3619a3dca5ce23b193ebe55ec2fd012cc1cf6f"
  integrity sha512-TDt3mDKYDbcIm8pug0MIacq+VywLsxGqVAEP5xKeB6BTnql4dcXkMMs1V9znzVEN0joXtM/7+7TLeWW2Yv+Qlg==
  dependencies:
    "@sp2/format" "^1.5.1"
    fast-deep-equal "^2.0.1"

"@sp2/updater@^1.5.1":
  version "1.5.1"
  resolved "https://registry.yarnpkg.com/@sp2/updater/-/updater-1.5.1.tgz#dfc99e01967806e43079bf823b9439638631b24b"
  integrity sha512-7xDH55p0e9gX5YxKHjMchkKZFPbEyzbp1aRvhdPu/wcTIO6cH924FqcQ6h1ehHq4lnxrPti/HHxNvTvp5RTHTg==
  dependencies:
    "@sp2/format" "^1.5.1"
    "@sp2/retriever" "^1.5.1"
    fast-deep-equal "^2.0.1"

fast-deep-equal@^2.0.1:
  version "2.0.1"
  resolved "https://registry.yarnpkg.com/fast-deep-equal/-/fast-deep-equal-2.0.1.tgz#7b05218ddf9667bf7f370bf7fdb2cb15fdd0aa49"
  integrity sha1-ewUhjd+WZ79/Nwv3/bLLFf3Qqkk=

fast-deep-equal@^3.1.1:
  version "3.1.1"
  resolved "https://registry.yarnpkg.com/fast-deep-equal/-/fast-deep-equal-3.1.1.tgz#545145077c501491e33b15ec408c294376e94ae4"
  integrity sha512-8UEa58QDLauDNfpbrX55Q9jrGHThw2ZMdOky5Gl1CDtVeJDPVrG4Jxx1N8jw2gkWaff5UUuX1KJd+9zGe2B+ZA==

find-up@^4.0.0:
  version "4.1.0"
  resolved "https://registry.yarnpkg.com/find-up/-/find-up-4.1.0.tgz#97afe7d6cdc0bc5928584b7c8d7b16e8a9aa5d19"
  integrity sha512-PpOwAdQ/YlXQ2vj8a3h8IipDuYRi3wceVQQGYWxNINccq40Anw7BlsEXCMbt1Zt+OLA6Fq9suIpIWD0OsnISlw==
  dependencies:
    locate-path "^5.0.0"
    path-exists "^4.0.0"

"js-tokens@^3.0.0 || ^4.0.0":
  version "4.0.0"
  resolved "https://registry.yarnpkg.com/js-tokens/-/js-tokens-4.0.0.tgz#19203fb59991df98e3a287050d4647cdeaf32499"
  integrity sha512-RdJUflcE3cUzKiMqQgsCu06FPu9UdIJO0beYbPhHN4k6apgJtifcoCtT9bcxOpYBtpD2kCM6Sbzg4CausW/PKQ==

locate-path@^5.0.0:
  version "5.0.0"
  resolved "https://registry.yarnpkg.com/locate-path/-/locate-path-5.0.0.tgz#1afba396afd676a6d42504d0a67a3a7eb9f62aa0"
  integrity sha512-t7hw9pI+WvuwNJXwk5zVHpyhIqzg2qTlklJOf0mVxGSbe3Fp2VieZcduNYjaLDoy6p9uGpQEGWG87WpMKlNq8g==
  dependencies:
    p-locate "^4.1.0"

loose-envify@^1.4.0:
  version "1.4.0"
  resolved "https://registry.yarnpkg.com/loose-envify/-/loose-envify-1.4.0.tgz#71ee51fa7be4caec1a63839f7e682d8132d30caf"
  integrity sha512-lyuxPGr/Wfhrlem2CL/UcnUc1zcqKAImBDzukY7Y5F/yQiNdko6+fRLevlw1HgMySw7f611UIY408EtxRSoK3Q==
  dependencies:
    js-tokens "^3.0.0 || ^4.0.0"

p-limit@^2.2.0:
  version "2.2.1"
  resolved "https://registry.yarnpkg.com/p-limit/-/p-limit-2.2.1.tgz#aa07a788cc3151c939b5131f63570f0dd2009537"
  integrity sha512-85Tk+90UCVWvbDavCLKPOLC9vvY8OwEX/RtKF+/1OADJMVlFfEHOiMTPVyxg7mk/dKa+ipdHm0OUkTvCpMTuwg==
  dependencies:
    p-try "^2.0.0"

p-locate@^4.1.0:
  version "4.1.0"
  resolved "https://registry.yarnpkg.com/p-locate/-/p-locate-4.1.0.tgz#a3428bb7088b3a60292f66919278b7c297ad4f07"
  integrity sha512-R79ZZ/0wAxKGu3oYMlz8jy/kbhsNrS7SKZ7PxEHBgJ5+F2mtFW2fK2cOtBh1cHYkQsbzFV7I+EoRKe6Yt0oK7A==
  dependencies:
    p-limit "^2.2.0"

p-try@^2.0.0:
  version "2.2.0"
  resolved "https://registry.yarnpkg.com/p-try/-/p-try-2.2.0.tgz#cb2868540e313d61de58fafbe35ce9004d5540e6"
  integrity sha512-R4nPAVTAU0B9D35/Gk3uJf/7XYbQcyohSKdvAxIRSNghFl4e71hVoGnBNQz9cWaXxO2I10KTC+3jMdvvoKw6dQ==

path-exists@^4.0.0:
  version "4.0.0"
  resolved "https://registry.yarnpkg.com/path-exists/-/path-exists-4.0.0.tgz#513bdbe2d3b95d7762e8c1137efa195c6c61b5b3"
  integrity sha512-ak9Qy5Q7jYb2Wwcey5Fpvg2KoAc/ZIhLSLOSBmRmygPsGwkVVt0fZa0qrtMz+m6tJTAHfZQ8FnmB4MG4LWy7/w==

redux@4.0.4:
  version "4.0.4"
  resolved "https://registry.yarnpkg.com/redux/-/redux-4.0.4.tgz#4ee1aeb164b63d6a1bcc57ae4aa0b6e6fa7a3796"
  integrity sha512-vKv4WdiJxOWKxK0yRoaK3Y4pxxB0ilzVx6dszU2W8wLxlb2yikRph4iV/ymtdJ6ZxpBLFbyrxklnT5yBbQSl3Q==
  dependencies:
    loose-envify "^1.4.0"
    symbol-observable "^1.2.0"

sp2@^1.5.1:
  version "1.5.1"
  resolved "https://registry.yarnpkg.com/sp2/-/sp2-1.5.1.tgz#f0bb59fc7dbca10861bf106d3b4f546688cf833e"
  integrity sha512-KPXssC2pdmRXOw89hfdlgVwcO3E8a9trCG5Z4JyEUitsqMYG+p49JRwIkajc+BuvN1faUaz8uGNcajjojn84FA==
  dependencies:
    "@sp2/format" "^1.5.1"
    "@sp2/retriever" "^1.5.1"
    "@sp2/updater" "^1.5.1"

symbol-observable@^1.2.0:
  version "1.2.0"
  resolved "https://registry.yarnpkg.com/symbol-observable/-/symbol-observable-1.2.0.tgz#c22688aed4eab3cdc2dfeacbb561660560a00804"
  integrity sha512-e900nM8RRtGhlV36KGEU9k65K3mPb1WV70OdjfxlG2EAuM1noi/E/BaW/uMhL7bPEssK8QV57vN3esixjUvcXQ==

upbin@0.9.2:
  version "0.9.2"
  resolved "https://registry.yarnpkg.com/upbin/-/upbin-0.9.2.tgz#d7e548c23b599079cf4f334754e6f9b6b5490774"
  integrity sha512-s7b/IMho/tn2IqeY1D6izU2L5f1W16KzQj3Ri5/9D/4jc48Mkot7KVvBFXpvm6Q5rL5tyEb6iylGU+fyMLwX6g==
  dependencies:
    find-up "^4.0.0"
