# THIS IS AN AUTOGENERATED FILE. DO NOT EDIT THIS FILE DIRECTLY.
# yarn lockfile v1


"@babel/runtime@^7.9.2":
  version "7.14.6"
  resolved "https://registry.yarnpkg.com/@babel/runtime/-/runtime-7.14.6.tgz#535203bc0892efc7dec60bdc27b2ecf6e409062d"
  integrity sha512-/PCB2uJ7oM44tz8YhC4Z/6PeOKXp4K588f+5M3clr1M4zbqztlo0XEfJ2LEzj/FgwfgGcIdl8n7YYjTCI0BYwg==
  dependencies:
    regenerator-runtime "^0.13.4"

"@sinonjs/commons@^1.6.0", "@sinonjs/commons@^1.7.0", "@sinonjs/commons@^1.8.3":
  version "1.8.3"
  resolved "https://registry.yarnpkg.com/@sinonjs/commons/-/commons-1.8.3.tgz#3802ddd21a50a949b6721ddd72da36e67e7f1b2d"
  integrity sha512-xkNcLAn/wZaX14RPlwizcKicDk9G3F8m2nU3L7Ukm5zBgTwiT0wsoFAHx9Jq56fJA1z/7uKGtCRu16sOUCLIHQ==
  dependencies:
    type-detect "4.0.8"

"@sinonjs/fake-timers@^7.0.4", "@sinonjs/fake-timers@^7.1.0":
  version "7.1.2"
  resolved "https://registry.yarnpkg.com/@sinonjs/fake-timers/-/fake-timers-7.1.2.tgz#2524eae70c4910edccf99b2f4e6efc5894aff7b5"
  integrity sha512-iQADsW4LBMISqZ6Ci1dupJL9pprqwcVFTcOsEmQOEhW+KLCVn/Y4Jrvg2k19fIHCp+iFprriYPTdRcQR8NbUPg==
  dependencies:
    "@sinonjs/commons" "^1.7.0"

"@sinonjs/samsam@^6.0.2":
  version "6.0.2"
  resolved "https://registry.yarnpkg.com/@sinonjs/samsam/-/samsam-6.0.2.tgz#a0117d823260f282c04bff5f8704bdc2ac6910bb"
  integrity sha512-jxPRPp9n93ci7b8hMfJOFDPRLFYadN6FSpeROFTR4UNF4i5b+EK6m4QXPO46BDhFgRy1JuS87zAnFOzCUwMJcQ==
  dependencies:
    "@sinonjs/commons" "^1.6.0"
    lodash.get "^4.4.2"
    type-detect "^4.0.8"

"@sinonjs/text-encoding@^0.7.1":
  version "0.7.1"
  resolved "https://registry.yarnpkg.com/@sinonjs/text-encoding/-/text-encoding-0.7.1.tgz#8da5c6530915653f3a1f38fd5f101d8c3f8079c5"
  integrity sha512-+iTbntw2IZPb/anVDbypzfQa+ay64MW0Zo8aJ8gZPWMMK6/OubMVb6lUPMagqjOPnmtauXnFCACVl3O7ogjeqQ==

"@sp2/format@^1.6.3":
  version "1.6.3"
  resolved "https://registry.yarnpkg.com/@sp2/format/-/format-1.6.3.tgz#45d194c7bb17ac9f4eb943902dc58780aa9ff6d3"
  integrity sha512-Q9rnIIB/YbJ8HV1mw9qA44FRK9GsTwM3cnc6Fj6eg6lRNKMQmnGh96DxcQin12PqftIeEgAKZxR13m3KSQJqlw==

"@sp2/retriever@^1.6.3":
  version "1.6.3"
  resolved "https://registry.yarnpkg.com/@sp2/retriever/-/retriever-1.6.3.tgz#cdd240b3f12ddd67c410139dea7dbc172c22df2d"
  integrity sha512-w6lAgRkgpuDSUbytwLRPdVGq6zbthD2zXWXSttv9baDdb6RcMFj1anESywwIT2IVWmWj3B6lh1x2aivwAWRaAw==
  dependencies:
    "@sp2/format" "^1.6.3"
    fast-deep-equal "^3.0.0"

"@sp2/updater@^1.6.3":
  version "1.6.3"
  resolved "https://registry.yarnpkg.com/@sp2/updater/-/updater-1.6.3.tgz#55563bfb5993aad4abc2659040ab9e90d2539d7d"
  integrity sha512-bPtD9/RaZxX9LyWrsJFRMJd8UoVuBBqHORCbyPVV9eYhZuyt9ws7OWoWtK/BHWhBdijVr8j3w5zbb0bNKOroDg==
  dependencies:
    "@sp2/format" "^1.6.3"
    "@sp2/retriever" "^1.6.3"
    fast-deep-equal "^3.0.0"

"@types/sinon@^10.0.2":
  version "10.0.2"
  resolved "https://registry.yarnpkg.com/@types/sinon/-/sinon-10.0.2.tgz#f360d2f189c0fd433d14aeb97b9d705d7e4cc0e4"
  integrity sha512-BHn8Bpkapj8Wdfxvh2jWIUoaYB/9/XhsL0oOvBfRagJtKlSl9NWPcFOz2lRukI9szwGxFtYZCTejJSqsGDbdmw==
  dependencies:
    "@sinonjs/fake-timers" "^7.1.0"

diff@^5.0.0:
  version "5.0.0"
  resolved "https://registry.yarnpkg.com/diff/-/diff-5.0.0.tgz#7ed6ad76d859d030787ec35855f5b1daf31d852b"
  integrity sha512-/VTCrvm5Z0JGty/BWHljh+BAiw3IK+2j87NGMu8Nwc/f48WoDAC395uomO9ZD117ZOBaHmkX1oyLvkVM/aIT3w==

fast-deep-equal@^3.0.0, fast-deep-equal@^3.1.1:
  version "3.1.3"
  resolved "https://registry.yarnpkg.com/fast-deep-equal/-/fast-deep-equal-3.1.3.tgz#3a7d56b559d6cbc3eb512325244e619a65c6c525"
  integrity sha512-f3qQ9oQy9j2AhBe/H9VC91wLmKBCCU/gDOnKNAYG5hswO7BLKj09Hc5HYNz9cGI++xlpDCIgDaitVs03ATR84Q==

find-up@^4.0.0:
  version "4.1.0"
  resolved "https://registry.yarnpkg.com/find-up/-/find-up-4.1.0.tgz#97afe7d6cdc0bc5928584b7c8d7b16e8a9aa5d19"
  integrity sha512-PpOwAdQ/YlXQ2vj8a3h8IipDuYRi3wceVQQGYWxNINccq40Anw7BlsEXCMbt1Zt+OLA6Fq9suIpIWD0OsnISlw==
  dependencies:
    locate-path "^5.0.0"
    path-exists "^4.0.0"

has-flag@^4.0.0:
  version "4.0.0"
  resolved "https://registry.yarnpkg.com/has-flag/-/has-flag-4.0.0.tgz#944771fd9c81c81265c4d6941860da06bb59479b"
  integrity sha512-EykJT/Q1KjTWctppgIAgfSO0tKVuZUjhgMr17kqTumMl6Afv3EISleU7qZUzoXDFTAHTDC4NOoG/ZxU3EvlMPQ==

isarray@0.0.1:
  version "0.0.1"
  resolved "https://registry.yarnpkg.com/isarray/-/isarray-0.0.1.tgz#8a18acfca9a8f4177e09abfc6038939b05d1eedf"
  integrity sha1-ihis/Kmo9Bd+Cav8YDiTmwXR7t8=

just-extend@^4.0.2:
  version "4.2.1"
  resolved "https://registry.yarnpkg.com/just-extend/-/just-extend-4.2.1.tgz#ef5e589afb61e5d66b24eca749409a8939a8c744"
  integrity sha512-g3UB796vUFIY90VIv/WX3L2c8CS2MdWUww3CNrYmqza1Fg0DURc2K/O4YrnklBdQarSJ/y8JnJYDGc+1iumQjg==

locate-path@^5.0.0:
  version "5.0.0"
  resolved "https://registry.yarnpkg.com/locate-path/-/locate-path-5.0.0.tgz#1afba396afd676a6d42504d0a67a3a7eb9f62aa0"
  integrity sha512-t7hw9pI+WvuwNJXwk5zVHpyhIqzg2qTlklJOf0mVxGSbe3Fp2VieZcduNYjaLDoy6p9uGpQEGWG87WpMKlNq8g==
  dependencies:
    p-locate "^4.1.0"

lodash.get@^4.4.2:
  version "4.4.2"
  resolved "https://registry.yarnpkg.com/lodash.get/-/lodash.get-4.4.2.tgz#2d177f652fa31e939b4438d5341499dfa3825e99"
  integrity sha1-LRd/ZS+jHpObRDjVNBSZ36OCXpk=

nise@^5.1.0:
  version "5.1.0"
  resolved "https://registry.yarnpkg.com/nise/-/nise-5.1.0.tgz#713ef3ed138252daef20ec035ab62b7a28be645c"
  integrity sha512-W5WlHu+wvo3PaKLsJJkgPup2LrsXCcm7AWwyNZkUnn5rwPkuPBi3Iwk5SQtN0mv+K65k7nKKjwNQ30wg3wLAQQ==
  dependencies:
    "@sinonjs/commons" "^1.7.0"
    "@sinonjs/fake-timers" "^7.0.4"
    "@sinonjs/text-encoding" "^0.7.1"
    just-extend "^4.0.2"
    path-to-regexp "^1.7.0"

p-limit@^2.2.0:
  version "2.2.1"
  resolved "https://registry.yarnpkg.com/p-limit/-/p-limit-2.2.1.tgz#aa07a788cc3151c939b5131f63570f0dd2009537"
  integrity sha512-85Tk+90UCVWvbDavCLKPOLC9vvY8OwEX/RtKF+/1OADJMVlFfEHOiMTPVyxg7mk/dKa+ipdHm0OUkTvCpMTuwg==
  dependencies:
    p-try "^2.0.0"

p-locate@^4.1.0:
  version "4.1.0"
  resolved "https://registry.yarnpkg.com/p-locate/-/p-locate-4.1.0.tgz#a3428bb7088b3a60292f66919278b7c297ad4f07"
  integrity sha512-R79ZZ/0wAxKGu3oYMlz8jy/kbhsNrS7SKZ7PxEHBgJ5+F2mtFW2fK2cOtBh1cHYkQsbzFV7I+EoRKe6Yt0oK7A==
  dependencies:
    p-limit "^2.2.0"

p-try@^2.0.0:
  version "2.2.0"
  resolved "https://registry.yarnpkg.com/p-try/-/p-try-2.2.0.tgz#cb2868540e313d61de58fafbe35ce9004d5540e6"
  integrity sha512-R4nPAVTAU0B9D35/Gk3uJf/7XYbQcyohSKdvAxIRSNghFl4e71hVoGnBNQz9cWaXxO2I10KTC+3jMdvvoKw6dQ==

path-exists@^4.0.0:
  version "4.0.0"
  resolved "https://registry.yarnpkg.com/path-exists/-/path-exists-4.0.0.tgz#513bdbe2d3b95d7762e8c1137efa195c6c61b5b3"
  integrity sha512-ak9Qy5Q7jYb2Wwcey5Fpvg2KoAc/ZIhLSLOSBmRmygPsGwkVVt0fZa0qrtMz+m6tJTAHfZQ8FnmB4MG4LWy7/w==

path-to-regexp@^1.7.0:
  version "1.8.0"
  resolved "https://registry.yarnpkg.com/path-to-regexp/-/path-to-regexp-1.8.0.tgz#887b3ba9d84393e87a0a0b9f4cb756198b53548a"
  integrity sha512-n43JRhlUKUAlibEJhPeir1ncUID16QnEjNpwzNdO3Lm4ywrBpBZ5oLD0I6br9evr1Y9JTqwRtAh7JLoOzAQdVA==
  dependencies:
    isarray "0.0.1"

redux@^4.1.0:
  version "4.1.0"
  resolved "https://registry.yarnpkg.com/redux/-/redux-4.1.0.tgz#eb049679f2f523c379f1aff345c8612f294c88d4"
  integrity sha512-uI2dQN43zqLWCt6B/BMGRMY6db7TTY4qeHHfGeKb3EOhmOKjU3KdWvNLJyqaHRksv/ErdNH7cFZWg9jXtewy4g==
  dependencies:
    "@babel/runtime" "^7.9.2"

regenerator-runtime@^0.13.4:
  version "0.13.7"
  resolved "https://registry.yarnpkg.com/regenerator-runtime/-/regenerator-runtime-0.13.7.tgz#cac2dacc8a1ea675feaabaeb8ae833898ae46f55"
  integrity sha512-a54FxoJDIr27pgf7IgeQGxmqUNYrcV338lf/6gH456HZ/PhX+5BcwHXG9ajESmwe6WRO0tAzRUrRmNONWgkrew==

sinon@^11.1.1:
  version "11.1.1"
  resolved "https://registry.yarnpkg.com/sinon/-/sinon-11.1.1.tgz#99a295a8b6f0fadbbb7e004076f3ae54fc6eab91"
  integrity sha512-ZSSmlkSyhUWbkF01Z9tEbxZLF/5tRC9eojCdFh33gtQaP7ITQVaMWQHGuFM7Cuf/KEfihuh1tTl3/ABju3AQMg==
  dependencies:
    "@sinonjs/commons" "^1.8.3"
    "@sinonjs/fake-timers" "^7.1.0"
    "@sinonjs/samsam" "^6.0.2"
    diff "^5.0.0"
    nise "^5.1.0"
    supports-color "^7.2.0"

sp2@^1.6.3:
  version "1.6.3"
  resolved "https://registry.yarnpkg.com/sp2/-/sp2-1.6.3.tgz#e14ad592a8365ca726e0be225ba83c78416c5d14"
  integrity sha512-fIdy0gc2pko2M+2kDmTPblA0Az3eSA4qkuKtKaC66z9iUu0VHX1WiuuQMdYrgSNgKZqvOEX/oMZB6sUTnPkOLg==
  dependencies:
    "@sp2/format" "^1.6.3"
    "@sp2/retriever" "^1.6.3"
    "@sp2/updater" "^1.6.3"

supports-color@^7.2.0:
  version "7.2.0"
  resolved "https://registry.yarnpkg.com/supports-color/-/supports-color-7.2.0.tgz#1b7dcdcb32b8138801b3e478ba6a51caa89648da"
  integrity sha512-qpCAvRl9stuOHveKsn7HncJRvv501qIacKzQlO/+Lwxc9+0q2wLyv4Dfvt80/DPn2pqOBsJdDiogXGR9+OvwRw==
  dependencies:
    has-flag "^4.0.0"

type-detect@4.0.8, type-detect@^4.0.8:
  version "4.0.8"
  resolved "https://registry.yarnpkg.com/type-detect/-/type-detect-4.0.8.tgz#7646fb5f18871cfbb7749e69bd39a6388eb7450c"
  integrity sha512-0fr/mIH1dlO+x7TlcMy+bIDqKPsw/70tVyeHW787goQjhmqaZe10uwLujubK9q9Lg6Fiho1KUKDYz0Z7k7g5/g==

upbin@^0.9.2:
  version "0.9.2"
  resolved "https://registry.yarnpkg.com/upbin/-/upbin-0.9.2.tgz#d7e548c23b599079cf4f334754e6f9b6b5490774"
  integrity sha512-s7b/IMho/tn2IqeY1D6izU2L5f1W16KzQj3Ri5/9D/4jc48Mkot7KVvBFXpvm6Q5rL5tyEb6iylGU+fyMLwX6g==
  dependencies:
    find-up "^4.0.0"
