# THIS IS AN AUTOGENERATED FILE. DO NOT EDIT THIS FILE DIRECTLY.
# yarn lockfile v1


"@phenyl/central-state@^3.0.0":
  version "3.0.0"
  resolved "https://registry.yarnpkg.com/@phenyl/central-state/-/central-state-3.0.0.tgz#2682e5a0a698005f063b22b81b75bc5fbf066530"
  integrity sha512-9sth2kBH4Q0qbljEiaOialJ//QcElDOuZ9F+j6qX+LvZ7+8VpMex/5ncYkEQhgiXP8E9nn22C/lbcXzKX0TKBg==
  dependencies:
    "@phenyl/interfaces" "^3.0.0"
    "@phenyl/utils" "^3.0.0"
    sp2 "^1.6.3"

"@phenyl/http-rules@^3.0.0":
  version "3.0.0"
  resolved "https://registry.yarnpkg.com/@phenyl/http-rules/-/http-rules-3.0.0.tgz#a3318c496cd7a830f9917fbe651b666d0d061a53"
  integrity sha512-lWepaqK2AgGHjiC++5RQUHpuU0W1X+RtqYNzLFloCcO9JgOS63Zi4kNpdgAH/T9rFPkw3p/0cOPhYhpuexpcjQ==
  dependencies:
    "@phenyl/interfaces" "^3.0.0"
    "@phenyl/utils" "^3.0.0"

"@phenyl/http-server@^3.0.0":
  version "3.0.0"
  resolved "https://registry.yarnpkg.com/@phenyl/http-server/-/http-server-3.0.0.tgz#09ed51f85e47c5af94473c44d21a1f476cca6d19"
  integrity sha512-p5vdpucFeJc6IKlrWZFeV3XjfFUx2iYbhfeWmOKIOiSJ9diu8T1xQrlPnSL/lQz9nvJf215BTau22NuXJMrJZA==
  dependencies:
    "@phenyl/http-rules" "^3.0.0"
    "@phenyl/interfaces" "^3.0.0"

"@phenyl/interfaces@^3.0.0":
  version "3.0.0"
  resolved "https://registry.yarnpkg.com/@phenyl/interfaces/-/interfaces-3.0.0.tgz#0a4356aac1fe9f04e3d7fcb345984b4d7c61b55d"
  integrity sha512-89829GuPFV0C9VQA9g7M25UFGjlvBIpESNdmMv7b8fhrascWo/CmDgwoNfLkudg3sdo4vANcK9w8+2A6pG72SA==
  dependencies:
    sp2 "^1.6.3"

"@phenyl/memory-db@^3.0.0":
  version "3.0.0"
  resolved "https://registry.yarnpkg.com/@phenyl/memory-db/-/memory-db-3.0.0.tgz#2871e5431cb5ad704a39acd38da17a9a57917d05"
  integrity sha512-S0izdNFZoLaXc88UF+SVX4NUgGKHhrnds8qRB67HCbmjVcO+fU+qYhzH6s5UP8OEfd3AtkQg3DFXdeKJXJDR+g==
  dependencies:
    "@phenyl/central-state" "^3.0.0"
    "@phenyl/interfaces" "^3.0.0"
    "@phenyl/state" "^3.0.0"
    "@phenyl/utils" "^3.0.0"
    sp2 "^1.6.3"

"@phenyl/rest-api@^3.0.0":
  version "3.0.0"
  resolved "https://registry.yarnpkg.com/@phenyl/rest-api/-/rest-api-3.0.0.tgz#90b943adc448c6bff64162fbe0e8febb590ad696"
  integrity sha512-rDxU9rDn7FBqewgDmua9DC2N6whAJkLxqbUsmUYTb9gTFDFjsmR8vlfy7hhI23WZZBS3YuyJU3PPvgZKldCdhw==
  dependencies:
    "@phenyl/interfaces" "^3.0.0"
    "@phenyl/utils" "^3.0.0"

"@phenyl/state@^3.0.0":
  version "3.0.0"
  resolved "https://registry.yarnpkg.com/@phenyl/state/-/state-3.0.0.tgz#82e67def5f19485e4a50653c2f248c23004f14f2"
  integrity sha512-hU9LiWMO/KbGJDoiOZa3d+oGNI0Pg93IIFXyehh4NW+JMZEfAMcdLfxbk+rjkFCJ50D7aAoeJ8iVgf0dLw89lA==
  dependencies:
    "@phenyl/interfaces" "^3.0.0"
    sp2 "^1.6.3"

"@phenyl/utils@^3.0.0":
  version "3.0.0"
  resolved "https://registry.yarnpkg.com/@phenyl/utils/-/utils-3.0.0.tgz#f747cc69c37cdc5a3878345aab355b0b2d2f7ff0"
  integrity sha512-2VfsuHRNguUMEHFWo9yBn98fSDCWicA3I2QEy44dg65MY5b3Df8HN/keanm8zIRov89eq8UpfYEmeTr+3wq5JA==
  dependencies:
    "@phenyl/interfaces" "^3.0.0"
    sp2 "^1.6.3"

"@sp2/format@^1.6.3":
  version "1.6.3"
  resolved "https://registry.yarnpkg.com/@sp2/format/-/format-1.6.3.tgz#45d194c7bb17ac9f4eb943902dc58780aa9ff6d3"
  integrity sha512-Q9rnIIB/YbJ8HV1mw9qA44FRK9GsTwM3cnc6Fj6eg6lRNKMQmnGh96DxcQin12PqftIeEgAKZxR13m3KSQJqlw==

"@sp2/retriever@^1.6.3":
  version "1.6.3"
  resolved "https://registry.yarnpkg.com/@sp2/retriever/-/retriever-1.6.3.tgz#cdd240b3f12ddd67c410139dea7dbc172c22df2d"
  integrity sha512-w6lAgRkgpuDSUbytwLRPdVGq6zbthD2zXWXSttv9baDdb6RcMFj1anESywwIT2IVWmWj3B6lh1x2aivwAWRaAw==
  dependencies:
    "@sp2/format" "^1.6.3"
    fast-deep-equal "^3.0.0"

"@sp2/updater@^1.6.3":
  version "1.6.3"
  resolved "https://registry.yarnpkg.com/@sp2/updater/-/updater-1.6.3.tgz#55563bfb5993aad4abc2659040ab9e90d2539d7d"
  integrity sha512-bPtD9/RaZxX9LyWrsJFRMJd8UoVuBBqHORCbyPVV9eYhZuyt9ws7OWoWtK/BHWhBdijVr8j3w5zbb0bNKOroDg==
  dependencies:
    "@sp2/format" "^1.6.3"
    "@sp2/retriever" "^1.6.3"
    fast-deep-equal "^3.0.0"

acorn-es7-plugin@^1.0.12:
  version "1.1.7"
  resolved "https://registry.yarnpkg.com/acorn-es7-plugin/-/acorn-es7-plugin-1.1.7.tgz#f2ee1f3228a90eead1245f9ab1922eb2e71d336b"
  integrity sha1-8u4fMiipDurRJF+asZIusucdM2s=

acorn@^5.0.0:
  version "5.7.4"
  resolved "https://registry.yarnpkg.com/acorn/-/acorn-5.7.4.tgz#3e8d8a9947d0599a1796d10225d7432f4a4acf5e"
  integrity sha512-1D++VG7BhrtvQpNbBzovKNc1FLGGEE/oGe7b9xJm/RFHMBeUaUGpluV9RLjZa47YFdPcDAenEYuq9pQPcMdLJg==

array-filter@^1.0.0:
  version "1.0.0"
  resolved "https://registry.yarnpkg.com/array-filter/-/array-filter-1.0.0.tgz#baf79e62e6ef4c2a4c0b831232daffec251f9d83"
  integrity sha1-uveeYubvTCpMC4MSMtr/7CUfnYM=

call-signature@0.0.2:
  version "0.0.2"
  resolved "https://registry.yarnpkg.com/call-signature/-/call-signature-0.0.2.tgz#a84abc825a55ef4cb2b028bd74e205a65b9a4996"
  integrity sha1-qEq8glpV70yysCi9dOIFpluaSZY=

core-js@^2.0.0:
  version "2.6.11"
  resolved "https://registry.yarnpkg.com/core-js/-/core-js-2.6.11.tgz#38831469f9922bded8ee21c9dc46985e0399308c"
  integrity sha512-5wjnpaT/3dV+XB4borEsnAYQchn00XSgTAWKDkEqv+K8KevjbzmofK6hfJ9TZIlpj2N0xQpazy7PiRQiWHqzWg==

cross-fetch@^3.0.2:
  version "3.0.6"
  resolved "https://registry.yarnpkg.com/cross-fetch/-/cross-fetch-3.0.6.tgz#3a4040bc8941e653e0e9cf17f29ebcd177d3365c"
  integrity sha512-KBPUbqgFjzWlVcURG+Svp9TlhA5uliYtiNx/0r8nv0pdypeQCRJ9IaSIc3q/x3q8t3F75cHuwxVql1HFGHCNJQ==
  dependencies:
    node-fetch "2.6.1"

define-properties@^1.1.2:
  version "1.1.3"
  resolved "https://registry.yarnpkg.com/define-properties/-/define-properties-1.1.3.tgz#cf88da6cbee26fe6db7094f61d870cbd84cee9f1"
  integrity sha512-3MqfYKj2lLzdMSf8ZIZE/V+Zuy+BgD6f164e8K2w7dgnpKArBDerGYpM46IYYcjnkdPNMjPk9A6VFB8+3SKlXQ==
  dependencies:
    object-keys "^1.0.12"

diff-match-patch@^1.0.0:
  version "1.0.4"
  resolved "https://registry.yarnpkg.com/diff-match-patch/-/diff-match-patch-1.0.4.tgz#6ac4b55237463761c4daf0dc603eb869124744b1"
  integrity sha512-Uv3SW8bmH9nAtHKaKSanOQmj2DnlH65fUpcrMdfdaOxUG02QQ4YGZ8AE7kKOMisF7UqvOlGKVYWRvezdncW9lg==

eastasianwidth@^0.2.0:
  version "0.2.0"
  resolved "https://registry.yarnpkg.com/eastasianwidth/-/eastasianwidth-0.2.0.tgz#696ce2ec0aa0e6ea93a397ffcf24aa7840c827cb"
  integrity sha512-I88TYZWc9XiYHRQ4/3c5rjjfgkjhLyW2luGIheGERbNQ6OY7yTybanSpDXZa8y7VUP9YmDcYa+eyq4ca7iLqWA==

empower-core@^1.2.0:
  version "1.2.0"
  resolved "https://registry.yarnpkg.com/empower-core/-/empower-core-1.2.0.tgz#ce3fb2484d5187fa29c23fba8344b0b2fdf5601c"
  integrity sha512-g6+K6Geyc1o6FdXs9HwrXleCFan7d66G5xSCfSF7x1mJDCes6t0om9lFQG3zOrzh3Bkb/45N0cZ5Gqsf7YrzGQ==
  dependencies:
    call-signature "0.0.2"
    core-js "^2.0.0"

empower@^1.3.1:
  version "1.3.1"
  resolved "https://registry.yarnpkg.com/empower/-/empower-1.3.1.tgz#768979cbbb36d71d8f5edaab663deacb9dab916c"
  integrity sha512-uB6/ViBaawOO/uujFADTK3SqdYlxYNn+N4usK9MRKZ4Hbn/1QSy8k2PezxCA2/+JGbF8vd/eOfghZ90oOSDZCA==
  dependencies:
    core-js "^2.0.0"
    empower-core "^1.2.0"

espurify@^1.6.0:
  version "1.8.1"
  resolved "https://registry.yarnpkg.com/espurify/-/espurify-1.8.1.tgz#5746c6c1ab42d302de10bd1d5bf7f0e8c0515056"
  integrity sha512-ZDko6eY/o+D/gHCWyHTU85mKDgYcS4FJj7S+YD6WIInm7GQ6AnOjmcL4+buFV/JOztVLELi/7MmuGU5NHta0Mg==
  dependencies:
    core-js "^2.0.0"

estraverse@^4.1.0, estraverse@^4.2.0:
  version "4.3.0"
  resolved "https://registry.yarnpkg.com/estraverse/-/estraverse-4.3.0.tgz#398ad3f3c5a24948be7725e83d11a7de28cdbd1d"
  integrity sha512-39nnKffWz8xN1BU/2c79n9nB9HDzo0niYUqx6xyqUnyoAnQyyWpOTdZEeiCch8BBu515t4wp9ZmgVfVhn9EBpw==

fast-deep-equal@^3.0.0:
  version "3.1.3"
  resolved "https://registry.yarnpkg.com/fast-deep-equal/-/fast-deep-equal-3.1.3.tgz#3a7d56b559d6cbc3eb512325244e619a65c6c525"
  integrity sha512-f3qQ9oQy9j2AhBe/H9VC91wLmKBCCU/gDOnKNAYG5hswO7BLKj09Hc5HYNz9cGI++xlpDCIgDaitVs03ATR84Q==

find-up@^4.0.0:
  version "4.1.0"
  resolved "https://registry.yarnpkg.com/find-up/-/find-up-4.1.0.tgz#97afe7d6cdc0bc5928584b7c8d7b16e8a9aa5d19"
  integrity sha512-PpOwAdQ/YlXQ2vj8a3h8IipDuYRi3wceVQQGYWxNINccq40Anw7BlsEXCMbt1Zt+OLA6Fq9suIpIWD0OsnISlw==
  dependencies:
    locate-path "^5.0.0"
    path-exists "^4.0.0"

indexof@0.0.1:
  version "0.0.1"
  resolved "https://registry.yarnpkg.com/indexof/-/indexof-0.0.1.tgz#82dc336d232b9062179d05ab3293a66059fd435d"
  integrity sha1-gtwzbSMrkGIXnQWrMpOmYFn9Q10=

locate-path@^5.0.0:
  version "5.0.0"
  resolved "https://registry.yarnpkg.com/locate-path/-/locate-path-5.0.0.tgz#1afba396afd676a6d42504d0a67a3a7eb9f62aa0"
  integrity sha512-t7hw9pI+WvuwNJXwk5zVHpyhIqzg2qTlklJOf0mVxGSbe3Fp2VieZcduNYjaLDoy6p9uGpQEGWG87WpMKlNq8g==
  dependencies:
    p-locate "^4.1.0"

node-fetch@2.6.1:
  version "2.6.1"
  resolved "https://registry.yarnpkg.com/node-fetch/-/node-fetch-2.6.1.tgz#045bd323631f76ed2e2b55573394416b639a0052"
  integrity sha512-V4aYg89jEoVRxRb2fJdAg8FHvI7cEyYdVAh94HH0UIK8oJxUfkjlDQN9RbMx+bEjP7+ggMiFRprSti032Oipxw==

object-keys@^1.0.0, object-keys@^1.0.12:
  version "1.1.1"
  resolved "https://registry.yarnpkg.com/object-keys/-/object-keys-1.1.1.tgz#1c47f272df277f3b1daf061677d9c82e2322c60e"
  integrity sha512-NuAESUOUMrlIXOfHKzD6bpPu3tYt3xvjNdRIQ+FeT0lNb4K8WR70CaDxhuNguS2XG+GjkyMwOzsN5ZktImfhLA==

p-limit@^2.2.0:
  version "2.2.1"
  resolved "https://registry.yarnpkg.com/p-limit/-/p-limit-2.2.1.tgz#aa07a788cc3151c939b5131f63570f0dd2009537"
  integrity sha512-85Tk+90UCVWvbDavCLKPOLC9vvY8OwEX/RtKF+/1OADJMVlFfEHOiMTPVyxg7mk/dKa+ipdHm0OUkTvCpMTuwg==
  dependencies:
    p-try "^2.0.0"

p-locate@^4.1.0:
  version "4.1.0"
  resolved "https://registry.yarnpkg.com/p-locate/-/p-locate-4.1.0.tgz#a3428bb7088b3a60292f66919278b7c297ad4f07"
  integrity sha512-R79ZZ/0wAxKGu3oYMlz8jy/kbhsNrS7SKZ7PxEHBgJ5+F2mtFW2fK2cOtBh1cHYkQsbzFV7I+EoRKe6Yt0oK7A==
  dependencies:
    p-limit "^2.2.0"

p-try@^2.0.0:
  version "2.2.0"
  resolved "https://registry.yarnpkg.com/p-try/-/p-try-2.2.0.tgz#cb2868540e313d61de58fafbe35ce9004d5540e6"
  integrity sha512-R4nPAVTAU0B9D35/Gk3uJf/7XYbQcyohSKdvAxIRSNghFl4e71hVoGnBNQz9cWaXxO2I10KTC+3jMdvvoKw6dQ==

path-exists@^4.0.0:
  version "4.0.0"
  resolved "https://registry.yarnpkg.com/path-exists/-/path-exists-4.0.0.tgz#513bdbe2d3b95d7762e8c1137efa195c6c61b5b3"
  integrity sha512-ak9Qy5Q7jYb2Wwcey5Fpvg2KoAc/ZIhLSLOSBmRmygPsGwkVVt0fZa0qrtMz+m6tJTAHfZQ8FnmB4MG4LWy7/w==

power-assert-context-formatter@^1.0.7:
  version "1.2.0"
  resolved "https://registry.yarnpkg.com/power-assert-context-formatter/-/power-assert-context-formatter-1.2.0.tgz#8fbe72692288ec5a7203cdf215c8b838a6061d2a"
  integrity sha512-HLNEW8Bin+BFCpk/zbyKwkEu9W8/zThIStxGo7weYcFkKgMuGCHUJhvJeBGXDZf0Qm2xis4pbnnciGZiX0EpSg==
  dependencies:
    core-js "^2.0.0"
    power-assert-context-traversal "^1.2.0"

power-assert-context-reducer-ast@^1.0.7:
  version "1.2.0"
  resolved "https://registry.yarnpkg.com/power-assert-context-reducer-ast/-/power-assert-context-reducer-ast-1.2.0.tgz#c7ca1c9e39a6fb717f7ac5fe9e76e192bf525df3"
  integrity sha512-EgOxmZ/Lb7tw4EwSKX7ZnfC0P/qRZFEG28dx/690qvhmOJ6hgThYFm5TUWANDLK5NiNKlPBi5WekVGd2+5wPrw==
  dependencies:
    acorn "^5.0.0"
    acorn-es7-plugin "^1.0.12"
    core-js "^2.0.0"
    espurify "^1.6.0"
    estraverse "^4.2.0"

power-assert-context-traversal@^1.2.0:
  version "1.2.0"
  resolved "https://registry.yarnpkg.com/power-assert-context-traversal/-/power-assert-context-traversal-1.2.0.tgz#f6e71454baf640de5c1c9c270349f5c9ab0b2e94"
  integrity sha512-NFoHU6g2umNajiP2l4qb0BRWD773Aw9uWdWYH9EQsVwIZnog5bd2YYLFCVvaxWpwNzWeEfZIon2xtyc63026pQ==
  dependencies:
    core-js "^2.0.0"
    estraverse "^4.1.0"

power-assert-formatter@^1.4.1:
  version "1.4.1"
  resolved "https://registry.yarnpkg.com/power-assert-formatter/-/power-assert-formatter-1.4.1.tgz#5dc125ed50a3dfb1dda26c19347f3bf58ec2884a"
  integrity sha1-XcEl7VCj37HdomwZNH879Y7CiEo=
  dependencies:
    core-js "^2.0.0"
    power-assert-context-formatter "^1.0.7"
    power-assert-context-reducer-ast "^1.0.7"
    power-assert-renderer-assertion "^1.0.7"
    power-assert-renderer-comparison "^1.0.7"
    power-assert-renderer-diagram "^1.0.7"
    power-assert-renderer-file "^1.0.7"

power-assert-renderer-assertion@^1.0.7:
  version "1.2.0"
  resolved "https://registry.yarnpkg.com/power-assert-renderer-assertion/-/power-assert-renderer-assertion-1.2.0.tgz#3db6ffcda106b37bc1e06432ad0d748a682b147a"
  integrity sha512-3F7Q1ZLmV2ZCQv7aV7NJLNK9G7QsostrhOU7U0RhEQS/0vhEqrRg2jEJl1jtUL4ZyL2dXUlaaqrmPv5r9kRvIg==
  dependencies:
    power-assert-renderer-base "^1.1.1"
    power-assert-util-string-width "^1.2.0"

power-assert-renderer-base@^1.1.1:
  version "1.1.1"
  resolved "https://registry.yarnpkg.com/power-assert-renderer-base/-/power-assert-renderer-base-1.1.1.tgz#96a650c6fd05ee1bc1f66b54ad61442c8b3f63eb"
  integrity sha1-lqZQxv0F7hvB9mtUrWFELIs/Y+s=

power-assert-renderer-comparison@^1.0.7:
  version "1.2.0"
  resolved "https://registry.yarnpkg.com/power-assert-renderer-comparison/-/power-assert-renderer-comparison-1.2.0.tgz#e4f88113225a69be8aa586ead05aef99462c0495"
  integrity sha512-7c3RKPDBKK4E3JqdPtYRE9cM8AyX4LC4yfTvvTYyx8zSqmT5kJnXwzR0yWQLOavACllZfwrAGQzFiXPc5sWa+g==
  dependencies:
    core-js "^2.0.0"
    diff-match-patch "^1.0.0"
    power-assert-renderer-base "^1.1.1"
    stringifier "^1.3.0"
    type-name "^2.0.1"

power-assert-renderer-diagram@^1.0.7:
  version "1.2.0"
  resolved "https://registry.yarnpkg.com/power-assert-renderer-diagram/-/power-assert-renderer-diagram-1.2.0.tgz#37f66e8542e5677c5b58e6d72b01c0d9a30e2219"
  integrity sha512-JZ6PC+DJPQqfU6dwSmpcoD7gNnb/5U77bU5KgNwPPa+i1Pxiz6UuDeM3EUBlhZ1HvH9tMjI60anqVyi5l2oNdg==
  dependencies:
    core-js "^2.0.0"
    power-assert-renderer-base "^1.1.1"
    power-assert-util-string-width "^1.2.0"
    stringifier "^1.3.0"

power-assert-renderer-file@^1.0.7:
  version "1.2.0"
  resolved "https://registry.yarnpkg.com/power-assert-renderer-file/-/power-assert-renderer-file-1.2.0.tgz#3f4bebd9e1455d75cf2ac541e7bb515a87d4ce4b"
  integrity sha512-/oaVrRbeOtGoyyd7e4IdLP/jIIUFJdqJtsYzP9/88R39CMnfF/S/rUc8ZQalENfUfQ/wQHu+XZYRMaCEZmEesg==
  dependencies:
    power-assert-renderer-base "^1.1.1"

power-assert-util-string-width@^1.2.0:
  version "1.2.0"
  resolved "https://registry.yarnpkg.com/power-assert-util-string-width/-/power-assert-util-string-width-1.2.0.tgz#6e06d5e3581bb876c5d377c53109fffa95bd91a0"
  integrity sha512-lX90G0igAW0iyORTILZ/QjZWsa1MZ6VVY3L0K86e2eKun3S4LKPH4xZIl8fdeMYLfOjkaszbNSzf1uugLeAm2A==
  dependencies:
    eastasianwidth "^0.2.0"

power-assert@1.6.1:
  version "1.6.1"
  resolved "https://registry.yarnpkg.com/power-assert/-/power-assert-1.6.1.tgz#b28cbc02ae808afd1431d0cd5093a39ac5a5b1fe"
  integrity sha512-VWkkZV6Y+W8qLX/PtJu2Ur2jDPIs0a5vbP0TpKeybNcIXmT4vcKoVkyTp5lnQvTpY/DxacAZ4RZisHRHLJcAZQ==
  dependencies:
    define-properties "^1.1.2"
    empower "^1.3.1"
    power-assert-formatter "^1.4.1"
    universal-deep-strict-equal "^1.2.1"
    xtend "^4.0.0"

sp2@^1.6.3:
  version "1.6.3"
  resolved "https://registry.yarnpkg.com/sp2/-/sp2-1.6.3.tgz#e14ad592a8365ca726e0be225ba83c78416c5d14"
  integrity sha512-fIdy0gc2pko2M+2kDmTPblA0Az3eSA4qkuKtKaC66z9iUu0VHX1WiuuQMdYrgSNgKZqvOEX/oMZB6sUTnPkOLg==
  dependencies:
    "@sp2/format" "^1.6.3"
    "@sp2/retriever" "^1.6.3"
    "@sp2/updater" "^1.6.3"

stringifier@^1.3.0:
  version "1.4.0"
  resolved "https://registry.yarnpkg.com/stringifier/-/stringifier-1.4.0.tgz#d704581567f4526265d00ed8ecb354a02c3fec28"
  integrity sha512-cNsMOqqrcbLcHTXEVmkw9y0fwDwkdgtZwlfyolzpQDoAE1xdNGhQhxBUfiDvvZIKl1hnUEgMv66nHwtMz3OjPw==
  dependencies:
    core-js "^2.0.0"
    traverse "^0.6.6"
    type-name "^2.0.1"

traverse@^0.6.6:
  version "0.6.6"
  resolved "https://registry.yarnpkg.com/traverse/-/traverse-0.6.6.tgz#cbdf560fd7b9af632502fed40f918c157ea97137"
  integrity sha1-y99WD9e5r2MlAv7UD5GMFX6pcTc=

type-name@^2.0.1:
  version "2.0.2"
  resolved "https://registry.yarnpkg.com/type-name/-/type-name-2.0.2.tgz#efe7d4123d8ac52afff7f40c7e4dec5266008fb4"
  integrity sha1-7+fUEj2KxSr/9/QMfk3sUmYAj7Q=

universal-deep-strict-equal@^1.2.1:
  version "1.2.2"
  resolved "https://registry.yarnpkg.com/universal-deep-strict-equal/-/universal-deep-strict-equal-1.2.2.tgz#0da4ac2f73cff7924c81fa4de018ca562ca2b0a7"
  integrity sha1-DaSsL3PP95JMgfpN4BjKViyisKc=
  dependencies:
    array-filter "^1.0.0"
    indexof "0.0.1"
    object-keys "^1.0.0"

upbin@0.9.2:
  version "0.9.2"
  resolved "https://registry.yarnpkg.com/upbin/-/upbin-0.9.2.tgz#d7e548c23b599079cf4f334754e6f9b6b5490774"
  integrity sha512-s7b/IMho/tn2IqeY1D6izU2L5f1W16KzQj3Ri5/9D/4jc48Mkot7KVvBFXpvm6Q5rL5tyEb6iylGU+fyMLwX6g==
  dependencies:
    find-up "^4.0.0"

xtend@^4.0.0:
  version "4.0.2"
  resolved "https://registry.yarnpkg.com/xtend/-/xtend-4.0.2.tgz#bb72779f5fa465186b1f438f674fa347fdb5db54"
  integrity sha512-LKYU1iAXJXUgAXn9URjiu+MWhyUXHsvfp7mcuYm9dSUKK0/CjtrUwFAxD82/mCWbtLsGjFIad0wIsod4zrTAEQ==
